
Microsoft Visual Studio Solution File, Format Version 12.00
# Visual Studio Version 16
VisualStudioVersion = 16.0.31025.194
MinimumVisualStudioVersion = 10.0.40219.1
Project("{FAE04EC0-301F-11D3-BF4B-00C04F79EFBC}") = "OcelotApi", "OcelotApi.csproj", "{C93B17B9-3B30-4070-9838-2DDDA184B059}"
EndProject
Global
	GlobalSection(SolutionConfigurationPlatforms) = preSolution
		Debug|Any CPU = Debug|Any CPU
		Release|Any CPU = Release|Any CPU
	EndGlobalSection
	GlobalSection(ProjectConfigurationPlatforms) = postSolution
		{C93B17B9-3B30-4070-9838-2DDDA184B059}.Debug|Any CPU.ActiveCfg = Debug|Any CPU
		{C93B17B9-3B30-4070-9838-2DDDA184B059}.Debug|Any CPU.Build.0 = Debug|Any CPU
		{C93B17B9-3B30-4070-9838-2DDDA184B059}.Release|Any CPU.ActiveCfg = Release|Any CPU
		{C93B17B9-3B30-4070-9838-2DDDA184B059}.Release|Any CPU.Build.0 = Release|Any CPU
	EndGlobalSection
	GlobalSection(SolutionProperties) = preSolution
		HideSolutionNode = FALSE
	EndGlobalSection
	GlobalSection(ExtensibilityGlobals) = postSolution
		SolutionGuid = {A899D761-6E3C-4E86-A13D-7973C390A269}
	EndGlobalSection
EndGlobal
